
Microsoft Visual Studio Solution File, Format Version 12.00
# Visual Studio Version 17
VisualStudioVersion = 17.12.35527.113
MinimumVisualStudioVersion = 10.0.40219.1
Project("{9A19103F-16F7-4668-BE54-9A1E7A4F7556}") = "RESTAURANTE", "RESTAURANTE\RESTAURANTE.csproj", "{77006B8A-D4CA-4C21-B39E-E5526480A9FE}"
EndProject
Project("{9A19103F-16F7-4668-BE54-9A1E7A4F7556}") = "FLOTA_VEHICULAR", "FLOTA_VEHICULAR\FLOTA_VEHICULAR.csproj", "{FDBB4172-7E03-4C2B-A793-9DEDE99D828D}"
EndProject
Project("{9A19103F-16F7-4668-BE54-9A1E7A4F7556}") = "Siges3.0", "Siges3.0\Siges3.0.csproj", "{1C2FD7D9-0F25-4BE7-A5D3-8863734EFCA8}"
EndProject
Project("{9A19103F-16F7-4668-BE54-9A1E7A4F7556}") = "SIGES3_0", "SIGES3_0\SIGES3_0.csproj", "{B0961A44-93C6-4588-8037-835C60FF9475}"
EndProject
Global
	GlobalSection(SolutionConfigurationPlatforms) = preSolution
		Debug|Any CPU = Debug|Any CPU
		Release|Any CPU = Release|Any CPU
	EndGlobalSection
	GlobalSection(ProjectConfigurationPlatforms) = postSolution
		{77006B8A-D4CA-4C21-B39E-E5526480A9FE}.Debug|Any CPU.ActiveCfg = Debug|Any CPU
		{77006B8A-D4CA-4C21-B39E-E5526480A9FE}.Debug|Any CPU.Build.0 = Debug|Any CPU
		{77006B8A-D4CA-4C21-B39E-E5526480A9FE}.Release|Any CPU.ActiveCfg = Release|Any CPU
		{77006B8A-D4CA-4C21-B39E-E5526480A9FE}.Release|Any CPU.Build.0 = Release|Any CPU
		{FDBB4172-7E03-4C2B-A793-9DEDE99D828D}.Debug|Any CPU.ActiveCfg = Debug|Any CPU
		{FDBB4172-7E03-4C2B-A793-9DEDE99D828D}.Debug|Any CPU.Build.0 = Debug|Any CPU
		{FDBB4172-7E03-4C2B-A793-9DEDE99D828D}.Release|Any CPU.ActiveCfg = Release|Any CPU
		{FDBB4172-7E03-4C2B-A793-9DEDE99D828D}.Release|Any CPU.Build.0 = Release|Any CPU
		{1C2FD7D9-0F25-4BE7-A5D3-8863734EFCA8}.Debug|Any CPU.ActiveCfg = Debug|Any CPU
		{1C2FD7D9-0F25-4BE7-A5D3-8863734EFCA8}.Debug|Any CPU.Build.0 = Debug|Any CPU
		{1C2FD7D9-0F25-4BE7-A5D3-8863734EFCA8}.Release|Any CPU.ActiveCfg = Release|Any CPU
		{1C2FD7D9-0F25-4BE7-A5D3-8863734EFCA8}.Release|Any CPU.Build.0 = Release|Any CPU
		{B0961A44-93C6-4588-8037-835C60FF9475}.Debug|Any CPU.ActiveCfg = Debug|Any CPU
		{B0961A44-93C6-4588-8037-835C60FF9475}.Debug|Any CPU.Build.0 = Debug|Any CPU
		{B0961A44-93C6-4588-8037-835C60FF9475}.Release|Any CPU.ActiveCfg = Release|Any CPU
		{B0961A44-93C6-4588-8037-835C60FF9475}.Release|Any CPU.Build.0 = Release|Any CPU
	EndGlobalSection
	GlobalSection(SolutionProperties) = preSolution
		HideSolutionNode = FALSE
	EndGlobalSection
	GlobalSection(ExtensibilityGlobals) = postSolution
		SolutionGuid = {5B93FAF7-6596-4224-BFBC-EFA5533C6968}
	EndGlobalSection
EndGlobal
