
Microsoft Visual Studio Solution File, Format Version 12.00
# Visual Studio Version 17
VisualStudioVersion = 17.12.35527.113
MinimumVisualStudioVersion = 10.0.40219.1
Project("{9A19103F-16F7-4668-BE54-9A1E7A4F7556}") = "RESTAURANTE", "RESTAURANTE\RESTAURANTE.csproj", "{77006B8A-D4CA-4C21-B39E-E5526480A9FE}"
EndProject
Project("{FAE04EC0-301F-11D3-BF4B-00C04F79EFBC}") = "SigesCore", "VENTAS\SigesCore.csproj", "{C26B305F-5A87-4DE5-978A-F77A55F70135}"
EndProject
Project("{FAE04EC0-301F-11D3-BF4B-00C04F79EFBC}") = "FLOTA_VEHICULAR", "FLOTA_VEHICULAR\FLOTA_VEHICULAR.csproj", "{FDBB4172-7E03-4C2B-A793-9DEDE99D828D}"
EndProject
Project("{FAE04EC0-301F-11D3-BF4B-00C04F79EFBC}") = "SIGES3_0", "SIGES3_0\SIGES3_0.csproj", "{CDCE054B-828F-5197-D8CA-88AC5E9D78B4}"
EndProject
Global
	GlobalSection(SolutionConfigurationPlatforms) = preSolution
		Debug|Any CPU = Debug|Any CPU
		Release|Any CPU = Release|Any CPU
	EndGlobalSection
	GlobalSection(ProjectConfigurationPlatforms) = postSolution
		{77006B8A-D4CA-4C21-B39E-E5526480A9FE}.Debug|Any CPU.ActiveCfg = Debug|Any CPU
		{77006B8A-D4CA-4C21-B39E-E5526480A9FE}.Debug|Any CPU.Build.0 = Debug|Any CPU
		{77006B8A-D4CA-4C21-B39E-E5526480A9FE}.Release|Any CPU.ActiveCfg = Release|Any CPU
		{77006B8A-D4CA-4C21-B39E-E5526480A9FE}.Release|Any CPU.Build.0 = Release|Any CPU
		{C26B305F-5A87-4DE5-978A-F77A55F70135}.Debug|Any CPU.ActiveCfg = Debug|Any CPU
		{C26B305F-5A87-4DE5-978A-F77A55F70135}.Debug|Any CPU.Build.0 = Debug|Any CPU
		{C26B305F-5A87-4DE5-978A-F77A55F70135}.Release|Any CPU.ActiveCfg = Release|Any CPU
		{C26B305F-5A87-4DE5-978A-F77A55F70135}.Release|Any CPU.Build.0 = Release|Any CPU
		{FDBB4172-7E03-4C2B-A793-9DEDE99D828D}.Debug|Any CPU.ActiveCfg = Debug|Any CPU
		{FDBB4172-7E03-4C2B-A793-9DEDE99D828D}.Debug|Any CPU.Build.0 = Debug|Any CPU
		{FDBB4172-7E03-4C2B-A793-9DEDE99D828D}.Release|Any CPU.ActiveCfg = Release|Any CPU
		{FDBB4172-7E03-4C2B-A793-9DEDE99D828D}.Release|Any CPU.Build.0 = Release|Any CPU
		{CDCE054B-828F-5197-D8CA-88AC5E9D78B4}.Debug|Any CPU.ActiveCfg = Debug|Any CPU
		{CDCE054B-828F-5197-D8CA-88AC5E9D78B4}.Debug|Any CPU.Build.0 = Debug|Any CPU
		{CDCE054B-828F-5197-D8CA-88AC5E9D78B4}.Release|Any CPU.ActiveCfg = Release|Any CPU
		{CDCE054B-828F-5197-D8CA-88AC5E9D78B4}.Release|Any CPU.Build.0 = Release|Any CPU
	EndGlobalSection
	GlobalSection(SolutionProperties) = preSolution
		HideSolutionNode = FALSE
	EndGlobalSection
	GlobalSection(ExtensibilityGlobals) = postSolution
		SolutionGuid = {5B93FAF7-6596-4224-BFBC-EFA5533C6968}
	EndGlobalSection
EndGlobal
